
Microsoft Visual Studio Solution File, Format Version 12.00
# Visual Studio Version 16
VisualStudioVersion = 16.0.30320.27
MinimumVisualStudioVersion = 10.0.40219.1
Project("{FAE04EC0-301F-11D3-BF4B-00C04F79EFBC}") = "Sublog", "Sublog.csproj", "{1FC62497-A749-4C9D-BBCF-7F3110E8464F}"
EndProject
Global
	GlobalSection(SolutionConfigurationPlatforms) = preSolution
		Debug|Any CPU = Debug|Any CPU
		Release|Any CPU = Release|Any CPU
	EndGlobalSection
	GlobalSection(ProjectConfigurationPlatforms) = postSolution
		{1FC62497-A749-4C9D-BBCF-7F3110E8464F}.Debug|Any CPU.ActiveCfg = Debug|Any CPU
		{1FC62497-A749-4C9D-BBCF-7F3110E8464F}.Debug|Any CPU.Build.0 = Debug|Any CPU
		{1FC62497-A749-4C9D-BBCF-7F3110E8464F}.Release|Any CPU.ActiveCfg = Release|Any CPU
		{1FC62497-A749-4C9D-BBCF-7F3110E8464F}.Release|Any CPU.Build.0 = Release|Any CPU
	EndGlobalSection
	GlobalSection(SolutionProperties) = preSolution
		HideSolutionNode = FALSE
	EndGlobalSection
	GlobalSection(ExtensibilityGlobals) = postSolution
		SolutionGuid = {46E60AB1-C7C8-4FE7-80F8-01122835C541}
	EndGlobalSection
EndGlobal
